
Microsoft Visual Studio Solution File, Format Version 12.00
# Visual Studio Version 16
VisualStudioVersion = 16.0.29806.167
MinimumVisualStudioVersion = 10.0.40219.1
Project("{9A19103F-16F7-4668-BE54-9A1E7A4F7556}") = "ScheduleParser", "ScheduleParser\ScheduleParser.csproj", "{4552EC47-A6F3-4DF4-9405-4F7EF6A148A3}"
EndProject
Project("{9A19103F-16F7-4668-BE54-9A1E7A4F7556}") = "ScheduleParser_Testing", "ScheduleParser_Testing\ScheduleParser_Testing.csproj", "{F8C0E6C3-9018-4819-81ED-7349DC1BE35E}"
EndProject
Project("{9A19103F-16F7-4668-BE54-9A1E7A4F7556}") = "TelegramBot", "TelegramBot\TelegramBot.csproj", "{2895C5B3-E685-4477-93E9-56A07DDD2BC6}"
EndProject
Global
	GlobalSection(SolutionConfigurationPlatforms) = preSolution
		Debug|Any CPU = Debug|Any CPU
		Release|Any CPU = Release|Any CPU
	EndGlobalSection
	GlobalSection(ProjectConfigurationPlatforms) = postSolution
		{4552EC47-A6F3-4DF4-9405-4F7EF6A148A3}.Debug|Any CPU.ActiveCfg = Debug|Any CPU
		{4552EC47-A6F3-4DF4-9405-4F7EF6A148A3}.Debug|Any CPU.Build.0 = Debug|Any CPU
		{4552EC47-A6F3-4DF4-9405-4F7EF6A148A3}.Release|Any CPU.ActiveCfg = Release|Any CPU
		{4552EC47-A6F3-4DF4-9405-4F7EF6A148A3}.Release|Any CPU.Build.0 = Release|Any CPU
		{F8C0E6C3-9018-4819-81ED-7349DC1BE35E}.Debug|Any CPU.ActiveCfg = Debug|Any CPU
		{F8C0E6C3-9018-4819-81ED-7349DC1BE35E}.Debug|Any CPU.Build.0 = Debug|Any CPU
		{F8C0E6C3-9018-4819-81ED-7349DC1BE35E}.Release|Any CPU.ActiveCfg = Release|Any CPU
		{F8C0E6C3-9018-4819-81ED-7349DC1BE35E}.Release|Any CPU.Build.0 = Release|Any CPU
		{2895C5B3-E685-4477-93E9-56A07DDD2BC6}.Debug|Any CPU.ActiveCfg = Debug|Any CPU
		{2895C5B3-E685-4477-93E9-56A07DDD2BC6}.Debug|Any CPU.Build.0 = Debug|Any CPU
		{2895C5B3-E685-4477-93E9-56A07DDD2BC6}.Release|Any CPU.ActiveCfg = Release|Any CPU
		{2895C5B3-E685-4477-93E9-56A07DDD2BC6}.Release|Any CPU.Build.0 = Release|Any CPU
	EndGlobalSection
	GlobalSection(SolutionProperties) = preSolution
		HideSolutionNode = FALSE
	EndGlobalSection
	GlobalSection(ExtensibilityGlobals) = postSolution
		SolutionGuid = {E40DE847-B65D-4D47-8FEB-79A2D9800849}
	EndGlobalSection
EndGlobal
